schema: '2.0'
stages:
  ingest_elasticity:
    cmd: uv run python -m aegis.pipelines.cli ingest-elasticity --input-path 
      data_contracts/fixtures/elasticity_valid.csv --output-path 
      data/raw/elasticity_raw.csv
    deps:
    - path: data_contracts/fixtures/elasticity_valid.csv
      hash: md5
      md5: c6d407765a5dcd2db1244990f47bd48c
      size: 325
    - path: src/aegis/pipelines/cli.py
      hash: md5
      md5: 88d945089135d15cb2e71fa0f788041b
      size: 8485
    outs:
    - path: data/raw/elasticity_raw.csv
      hash: md5
      md5: c6d407765a5dcd2db1244990f47bd48c
      size: 325
  validate_elasticity_gx:
    cmd: uv run python -m aegis.pipelines.cli validate-elasticity --data-path 
      data/raw/elasticity_raw.csv --suite-path 
      data_contracts/elasticity_training_suite.json --report-path 
      data/validated/elasticity_validation_report.json
    deps:
    - path: data/raw/elasticity_raw.csv
      hash: md5
      md5: c6d407765a5dcd2db1244990f47bd48c
      size: 325
    - path: data_contracts/elasticity_training_suite.json
      hash: md5
      md5: 52dfceafa937d459d808e04b5f21ee42
      size: 3533
    - path: src/aegis/pipelines/cli.py
      hash: md5
      md5: 88d945089135d15cb2e71fa0f788041b
      size: 8485
    - path: src/aegis/pipelines/data_contracts.py
      hash: md5
      md5: e1220c967cea1d5d66281435a356ecaa
      size: 9005
    - path: src/aegis/pipelines/expectations.py
      hash: md5
      md5: b8d1b196b607c2480115f0fe5172fec8
      size: 1772
    outs:
    - path: data/validated/elasticity_validation_report.json
      hash: md5
      md5: 85aecdabe25091f171dc3cbb05480ddd
      size: 186
  version_elasticity:
    cmd: uv run python -m aegis.pipelines.cli version-elasticity --raw-path 
      data/raw/elasticity_raw.csv --report-path 
      data/validated/elasticity_validation_report.json --output-path 
      data/versioned/elasticity_training_data.csv
    deps:
    - path: data/raw/elasticity_raw.csv
      hash: md5
      md5: c6d407765a5dcd2db1244990f47bd48c
      size: 325
    - path: data/validated/elasticity_validation_report.json
      hash: md5
      md5: 85aecdabe25091f171dc3cbb05480ddd
      size: 186
    - path: src/aegis/pipelines/cli.py
      hash: md5
      md5: 88d945089135d15cb2e71fa0f788041b
      size: 8485
    outs:
    - path: data/versioned/elasticity_training_data.csv
      hash: md5
      md5: c6d407765a5dcd2db1244990f47bd48c
      size: 325
  ingest_regulatory:
    cmd: uv run python -m aegis.pipelines.cli ingest-regulatory --input-path 
      data_contracts/fixtures/regulatory_valid.json --output-path 
      data/raw/regulatory_raw.json
    deps:
    - path: data_contracts/fixtures/regulatory_valid.json
      hash: md5
      md5: 3a02c0dca847271da71d6b678761f5be
      size: 1293
    - path: src/aegis/pipelines/cli.py
      hash: md5
      md5: 88d945089135d15cb2e71fa0f788041b
      size: 8485
    outs:
    - path: data/raw/regulatory_raw.json
      hash: md5
      md5: 3a02c0dca847271da71d6b678761f5be
      size: 1293
  validate_regulatory_gx:
    cmd: uv run python -m aegis.pipelines.cli validate-regulatory --data-path 
      data/raw/regulatory_raw.json --suite-path 
      data_contracts/regulatory_corpus_suite.json --report-path 
      data/validated/regulatory_validation_report.json
    deps:
    - path: data/raw/regulatory_raw.json
      hash: md5
      md5: 3a02c0dca847271da71d6b678761f5be
      size: 1293
    - path: data_contracts/regulatory_corpus_suite.json
      hash: md5
      md5: df4b3258e13e52c923b0f910cd0933fe
      size: 2469
    - path: src/aegis/pipelines/cli.py
      hash: md5
      md5: 88d945089135d15cb2e71fa0f788041b
      size: 8485
    - path: src/aegis/pipelines/data_contracts.py
      hash: md5
      md5: e1220c967cea1d5d66281435a356ecaa
      size: 9005
    outs:
    - path: data/validated/regulatory_validation_report.json
      hash: md5
      md5: 88bd9b7dcaef07e96d0b28b599349160
      size: 182
  version_regulatory:
    cmd: uv run python -m aegis.pipelines.cli version-regulatory --raw-path 
      data/raw/regulatory_raw.json --report-path 
      data/validated/regulatory_validation_report.json --output-path 
      data/versioned/regulatory_corpus.json
    deps:
    - path: data/raw/regulatory_raw.json
      hash: md5
      md5: 3a02c0dca847271da71d6b678761f5be
      size: 1293
    - path: data/validated/regulatory_validation_report.json
      hash: md5
      md5: 88bd9b7dcaef07e96d0b28b599349160
      size: 182
    - path: src/aegis/pipelines/cli.py
      hash: md5
      md5: 88d945089135d15cb2e71fa0f788041b
      size: 8485
    outs:
    - path: data/versioned/regulatory_corpus.json
      hash: md5
      md5: 3a02c0dca847271da71d6b678761f5be
      size: 1293
  ingest_fremtpl2:
    cmd: uv run python -m aegis.pipelines.cli ingest-fremtpl2 --output-path 
      data/raw/elasticity_fremtpl2.csv
    deps:
    - path: src/aegis/pipelines/cli.py
      hash: md5
      md5: a45b7b0d06984af8998bd33cbdadce81
      size: 10217
    - path: src/aegis/pipelines/feature/ingest.py
      hash: md5
      md5: ef5d206ffb5b07451c68cf2706d47710
      size: 5796
    outs:
    - path: data/raw/elasticity_fremtpl2.csv
      hash: md5
      md5: e191da4f56806c37a26f0610f584821b
      size: 53523253
  validate_fremtpl2_gx:
    cmd: uv run python -m aegis.pipelines.cli validate-elasticity --data-path 
      data/raw/elasticity_fremtpl2.csv --suite-path 
      data_contracts/elasticity_training_suite.json --report-path 
      data/validated/elasticity_fremtpl2_validation_report.json
    deps:
    - path: data/raw/elasticity_fremtpl2.csv
      hash: md5
      md5: e191da4f56806c37a26f0610f584821b
      size: 53523253
    - path: data_contracts/elasticity_training_suite.json
      hash: md5
      md5: 52dfceafa937d459d808e04b5f21ee42
      size: 3533
    - path: src/aegis/pipelines/cli.py
      hash: md5
      md5: a45b7b0d06984af8998bd33cbdadce81
      size: 10217
    - path: src/aegis/pipelines/data_contracts.py
      hash: md5
      md5: e1220c967cea1d5d66281435a356ecaa
      size: 9005
    - path: src/aegis/pipelines/expectations.py
      hash: md5
      md5: b8d1b196b607c2480115f0fe5172fec8
      size: 1772
    outs:
    - path: data/validated/elasticity_fremtpl2_validation_report.json
      hash: md5
      md5: 85aecdabe25091f171dc3cbb05480ddd
      size: 186
  version_fremtpl2:
    cmd: uv run python -m aegis.pipelines.cli version-elasticity --raw-path 
      data/raw/elasticity_fremtpl2.csv --report-path 
      data/validated/elasticity_fremtpl2_validation_report.json --output-path 
      data/versioned/elasticity_fremtpl2.csv
    deps:
    - path: data/raw/elasticity_fremtpl2.csv
      hash: md5
      md5: e191da4f56806c37a26f0610f584821b
      size: 53523253
    - path: data/validated/elasticity_fremtpl2_validation_report.json
      hash: md5
      md5: 85aecdabe25091f171dc3cbb05480ddd
      size: 186
    - path: src/aegis/pipelines/cli.py
      hash: md5
      md5: a45b7b0d06984af8998bd33cbdadce81
      size: 10217
    outs:
    - path: data/versioned/elasticity_fremtpl2.csv
      hash: md5
      md5: e191da4f56806c37a26f0610f584821b
      size: 53523253
  engineer_features:
    cmd: uv run python -m aegis.pipelines.cli build-features --input-path 
      data/versioned/elasticity_fremtpl2.csv --output-path 
      data/versioned/feature_matrix.csv
    deps:
    - path: data/versioned/elasticity_fremtpl2.csv
      hash: md5
      md5: e191da4f56806c37a26f0610f584821b
      size: 53523253
    - path: src/aegis/pipelines/cli.py
      hash: md5
      md5: a45b7b0d06984af8998bd33cbdadce81
      size: 10217
    - path: src/aegis/pipelines/feature/driver.py
      hash: md5
      md5: a82d6d0ff517157e1e45d97d208a4b2d
      size: 918
    - path: src/aegis/pipelines/feature/exposure.py
      hash: md5
      md5: a179d9684f77808b0010ba534c9785af
      size: 856
    - path: src/aegis/pipelines/feature/pipeline.py
      hash: md5
      md5: ea2ff3da0c0cfa357ec04af10734162b
      size: 3853
    - path: src/aegis/pipelines/feature/vehicle.py
      hash: md5
      md5: 5961078ee6f8cab6a6022f2c722f66ed
      size: 1053
    outs:
    - path: data/versioned/feature_matrix.csv
      hash: md5
      md5: 388dff2addc20e811a7b17d923abad07
      size: 77719728
  train_glm_baseline:
    cmd: uv run python -m aegis.pipelines.cli train-glm --input-path 
      data/versioned/feature_matrix.csv --output-path 
      data/validated/glm_baseline.json
    deps:
    - path: data/versioned/feature_matrix.csv
      hash: md5
      md5: 388dff2addc20e811a7b17d923abad07
      size: 77719728
    - path: src/aegis/pipelines/cli.py
      hash: md5
      md5: a45b7b0d06984af8998bd33cbdadce81
      size: 10217
    - path: src/aegis/pipelines/training/glm_baseline.py
      hash: md5
      md5: 614ad4d4b3ef2278eb750de9029e528f
      size: 5223
    outs:
    - path: data/validated/glm_baseline.json
      hash: md5
      md5: 7e9675a8f773cc55cbc41190fdcc6bae
      size: 1383
